// !$*UTF8*$!
{
	archiveVersion = 1;
	classes = {
	};
	objectVersion = 50;
	objects = {

/* Begin PBXBuildFile section */
		8407685B23756D6600D79213 /* Utilidades.swift in Sources */ = {isa = PBXBuildFile; fileRef = 8407685A23756D6600D79213 /* Utilidades.swift */; };
		8407685F2375E26C00D79213 /* laser-sound.wav in Resources */ = {isa = PBXBuildFile; fileRef = 8407685E2375E26B00D79213 /* laser-sound.wav */; };
		8444A07C233F7EDC00174019 /* AppDelegate.swift in Sources */ = {isa = PBXBuildFile; fileRef = 8444A07B233F7EDC00174019 /* AppDelegate.swift */; };
		8444A07E233F7EDC00174019 /* Scene.sks in Resources */ = {isa = PBXBuildFile; fileRef = 8444A07D233F7EDC00174019 /* Scene.sks */; };
		8444A080233F7EDC00174019 /* Scene.swift in Sources */ = {isa = PBXBuildFile; fileRef = 8444A07F233F7EDC00174019 /* Scene.swift */; };
		8444A082233F7EDC00174019 /* ViewController.swift in Sources */ = {isa = PBXBuildFile; fileRef = 8444A081233F7EDC00174019 /* ViewController.swift */; };
		8444A085233F7EDC00174019 /* Main.storyboard in Resources */ = {isa = PBXBuildFile; fileRef = 8444A083233F7EDC00174019 /* Main.storyboard */; };
		8444A087233F7EE100174019 /* Assets.xcassets in Resources */ = {isa = PBXBuildFile; fileRef = 8444A086233F7EE100174019 /* Assets.xcassets */; };
		8444A08A233F7EE100174019 /* LaunchScreen.storyboard in Resources */ = {isa = PBXBuildFile; fileRef = 8444A088233F7EE100174019 /* LaunchScreen.storyboard */; };
		845DD4692387D06C009B749F /* MathUtils.swift in Sources */ = {isa = PBXBuildFile; fileRef = 845DD4682387D06C009B749F /* MathUtils.swift */; };
		845DD46B238869A8009B749F /* NFF-explode.wav in Resources */ = {isa = PBXBuildFile; fileRef = 845DD46A238869A8009B749F /* NFF-explode.wav */; };
		8492DEDD238BCED1006DEC75 /* FinPartidaViewController.swift in Sources */ = {isa = PBXBuildFile; fileRef = 8492DEDC238BCED1006DEC75 /* FinPartidaViewController.swift */; };
		84994D042379559E003F617A /* slam.wav in Resources */ = {isa = PBXBuildFile; fileRef = 84994D032379559E003F617A /* slam.wav */; };
		84994D06237957F1003F617A /* finPartida.wav in Resources */ = {isa = PBXBuildFile; fileRef = 84994D05237957F1003F617A /* finPartida.wav */; };
		84994D29237D183D003F617A /* MenuPrincipalViewController.swift in Sources */ = {isa = PBXBuildFile; fileRef = 84994D28237D183D003F617A /* MenuPrincipalViewController.swift */; };
		84994D2B237D185F003F617A /* AjustesNumerosViewController.swift in Sources */ = {isa = PBXBuildFile; fileRef = 84994D2A237D185F003F617A /* AjustesNumerosViewController.swift */; };
/* End PBXBuildFile section */

/* Begin PBXFileReference section */
		8407685A23756D6600D79213 /* Utilidades.swift */ = {isa = PBXFileReference; lastKnownFileType = sourcecode.swift; path = Utilidades.swift; sourceTree = "<group>"; };
		8407685E2375E26B00D79213 /* laser-sound.wav */ = {isa = PBXFileReference; lastKnownFileType = audio.wav; path = "laser-sound.wav"; sourceTree = "<group>"; };
		8444A078233F7EDC00174019 /* Hunting Numbers AR.app */ = {isa = PBXFileReference; explicitFileType = wrapper.application; includeInIndex = 0; path = "Hunting Numbers AR.app"; sourceTree = BUILT_PRODUCTS_DIR; };
		8444A07B233F7EDC00174019 /* AppDelegate.swift */ = {isa = PBXFileReference; lastKnownFileType = sourcecode.swift; path = AppDelegate.swift; sourceTree = "<group>"; };
		8444A07D233F7EDC00174019 /* Scene.sks */ = {isa = PBXFileReference; lastKnownFileType = file.sks; path = Scene.sks; sourceTree = "<group>"; };
		8444A07F233F7EDC00174019 /* Scene.swift */ = {isa = PBXFileReference; lastKnownFileType = sourcecode.swift; path = Scene.swift; sourceTree = "<group>"; };
		8444A081233F7EDC00174019 /* ViewController.swift */ = {isa = PBXFileReference; lastKnownFileType = sourcecode.swift; path = ViewController.swift; sourceTree = "<group>"; };
		8444A084233F7EDC00174019 /* Base */ = {isa = PBXFileReference; lastKnownFileType = file.storyboard; name = Base; path = Base.lproj/Main.storyboard; sourceTree = "<group>"; };
		8444A086233F7EE100174019 /* Assets.xcassets */ = {isa = PBXFileReference; lastKnownFileType = folder.assetcatalog; path = Assets.xcassets; sourceTree = "<group>"; };
		8444A089233F7EE100174019 /* Base */ = {isa = PBXFileReference; lastKnownFileType = file.storyboard; name = Base; path = Base.lproj/LaunchScreen.storyboard; sourceTree = "<group>"; };
		8444A08B233F7EE100174019 /* Info.plist */ = {isa = PBXFileReference; lastKnownFileType = text.plist.xml; path = Info.plist; sourceTree = "<group>"; };
		845DD4682387D06C009B749F /* MathUtils.swift */ = {isa = PBXFileReference; lastKnownFileType = sourcecode.swift; path = MathUtils.swift; sourceTree = "<group>"; };
		845DD46A238869A8009B749F /* NFF-explode.wav */ = {isa = PBXFileReference; lastKnownFileType = audio.wav; path = "NFF-explode.wav"; sourceTree = "<group>"; };
		8492DEDC238BCED1006DEC75 /* FinPartidaViewController.swift */ = {isa = PBXFileReference; lastKnownFileType = sourcecode.swift; path = FinPartidaViewController.swift; sourceTree = "<group>"; };
		84994D032379559E003F617A /* slam.wav */ = {isa = PBXFileReference; lastKnownFileType = audio.wav; path = slam.wav; sourceTree = "<group>"; };
		84994D05237957F1003F617A /* finPartida.wav */ = {isa = PBXFileReference; lastKnownFileType = audio.wav; path = finPartida.wav; sourceTree = "<group>"; };
		84994D28237D183D003F617A /* MenuPrincipalViewController.swift */ = {isa = PBXFileReference; lastKnownFileType = sourcecode.swift; path = MenuPrincipalViewController.swift; sourceTree = "<group>"; };
		84994D2A237D185F003F617A /* AjustesNumerosViewController.swift */ = {isa = PBXFileReference; lastKnownFileType = sourcecode.swift; path = AjustesNumerosViewController.swift; sourceTree = "<group>"; };
/* End PBXFileReference section */

/* Begin PBXFrameworksBuildPhase section */
		8444A075233F7EDC00174019 /* Frameworks */ = {
			isa = PBXFrameworksBuildPhase;
			buildActionMask = 2147483647;
			files = (
			);
			runOnlyForDeploymentPostprocessing = 0;
		};
/* End PBXFrameworksBuildPhase section */

/* Begin PBXGroup section */
		8444A06F233F7EDC00174019 = {
			isa = PBXGroup;
			children = (
				8444A07A233F7EDC00174019 /* Hunting Numbers AR */,
				8444A079233F7EDC00174019 /* Products */,
				8407685E2375E26B00D79213 /* laser-sound.wav */,
				84994D032379559E003F617A /* slam.wav */,
				84994D05237957F1003F617A /* finPartida.wav */,
				845DD46A238869A8009B749F /* NFF-explode.wav */,
			);
			sourceTree = "<group>";
		};
		8444A079233F7EDC00174019 /* Products */ = {
			isa = PBXGroup;
			children = (
				8444A078233F7EDC00174019 /* Hunting Numbers AR.app */,
			);
			name = Products;
			sourceTree = "<group>";
		};
		8444A07A233F7EDC00174019 /* Hunting Numbers AR */ = {
			isa = PBXGroup;
			children = (
				84994D27237D1814003F617A /* controllers */,
				8444A07B233F7EDC00174019 /* AppDelegate.swift */,
				8444A07D233F7EDC00174019 /* Scene.sks */,
				8444A07F233F7EDC00174019 /* Scene.swift */,
				8444A083233F7EDC00174019 /* Main.storyboard */,
				8444A086233F7EE100174019 /* Assets.xcassets */,
				8444A088233F7EE100174019 /* LaunchScreen.storyboard */,
				8444A08B233F7EE100174019 /* Info.plist */,
				8407685A23756D6600D79213 /* Utilidades.swift */,
				845DD4682387D06C009B749F /* MathUtils.swift */,
			);
			path = "Hunting Numbers AR";
			sourceTree = "<group>";
		};
		84994D27237D1814003F617A /* controllers */ = {
			isa = PBXGroup;
			children = (
				8444A081233F7EDC00174019 /* ViewController.swift */,
				84994D28237D183D003F617A /* MenuPrincipalViewController.swift */,
				84994D2A237D185F003F617A /* AjustesNumerosViewController.swift */,
				8492DEDC238BCED1006DEC75 /* FinPartidaViewController.swift */,
			);
			path = controllers;
			sourceTree = "<group>";
		};
/* End PBXGroup section */

/* Begin PBXNativeTarget section */
		8444A077233F7EDC00174019 /* Hunting Numbers AR */ = {
			isa = PBXNativeTarget;
			buildConfigurationList = 8444A08E233F7EE100174019 /* Build configuration list for PBXNativeTarget "Hunting Numbers AR" */;
			buildPhases = (
				8444A074233F7EDC00174019 /* Sources */,
				8444A075233F7EDC00174019 /* Frameworks */,
				8444A076233F7EDC00174019 /* Resources */,
			);
			buildRules = (
			);
			dependencies = (
			);
			name = "Hunting Numbers AR";
			productName = "Hunting Numbers AR";
			productReference = 8444A078233F7EDC00174019 /* Hunting Numbers AR.app */;
			productType = "com.apple.product-type.application";
		};
/* End PBXNativeTarget section */

/* Begin PBXProject section */
		8444A070233F7EDC00174019 /* Project object */ = {
			isa = PBXProject;
			attributes = {
				LastSwiftUpdateCheck = 1100;
				LastUpgradeCheck = 1100;
				ORGANIZATIONNAME = admin;
				TargetAttributes = {
					8444A077233F7EDC00174019 = {
						CreatedOnToolsVersion = 11.0;
					};
				};
			};
			buildConfigurationList = 8444A073233F7EDC00174019 /* Build configuration list for PBXProject "Hunting Numbers AR" */;
			compatibilityVersion = "Xcode 9.3";
			developmentRegion = en;
			hasScannedForEncodings = 0;
			knownRegions = (
				en,
				Base,
			);
			mainGroup = 8444A06F233F7EDC00174019;
			productRefGroup = 8444A079233F7EDC00174019 /* Products */;
			projectDirPath = "";
			projectRoot = "";
			targets = (
				8444A077233F7EDC00174019 /* Hunting Numbers AR */,
			);
		};
/* End PBXProject section */

/* Begin PBXResourcesBuildPhase section */
		8444A076233F7EDC00174019 /* Resources */ = {
			isa = PBXResourcesBuildPhase;
			buildActionMask = 2147483647;
			files = (
				8444A07E233F7EDC00174019 /* Scene.sks in Resources */,
				8407685F2375E26C00D79213 /* laser-sound.wav in Resources */,
				8444A08A233F7EE100174019 /* LaunchScreen.storyboard in Resources */,
				845DD46B238869A8009B749F /* NFF-explode.wav in Resources */,
				84994D042379559E003F617A /* slam.wav in Resources */,
				84994D06237957F1003F617A /* finPartida.wav in Resources */,
				8444A087233F7EE100174019 /* Assets.xcassets in Resources */,
				8444A085233F7EDC00174019 /* Main.storyboard in Resources */,
			);
			runOnlyForDeploymentPostprocessing = 0;
		};
/* End PBXResourcesBuildPhase section */

/* Begin PBXSourcesBuildPhase section */
		8444A074233F7EDC00174019 /* Sources */ = {
			isa = PBXSourcesBuildPhase;
			buildActionMask = 2147483647;
			files = (
				845DD4692387D06C009B749F /* MathUtils.swift in Sources */,
				84994D29237D183D003F617A /* MenuPrincipalViewController.swift in Sources */,
				8492DEDD238BCED1006DEC75 /* FinPartidaViewController.swift in Sources */,
				8444A082233F7EDC00174019 /* ViewController.swift in Sources */,
				84994D2B237D185F003F617A /* AjustesNumerosViewController.swift in Sources */,
				8444A080233F7EDC00174019 /* Scene.swift in Sources */,
				8444A07C233F7EDC00174019 /* AppDelegate.swift in Sources */,
				8407685B23756D6600D79213 /* Utilidades.swift in Sources */,
			);
			runOnlyForDeploymentPostprocessing = 0;
		};
/* End PBXSourcesBuildPhase section */

/* Begin PBXVariantGroup section */
		8444A083233F7EDC00174019 /* Main.storyboard */ = {
			isa = PBXVariantGroup;
			children = (
				8444A084233F7EDC00174019 /* Base */,
			);
			name = Main.storyboard;
			sourceTree = "<group>";
		};
		8444A088233F7EE100174019 /* LaunchScreen.storyboard */ = {
			isa = PBXVariantGroup;
			children = (
				8444A089233F7EE100174019 /* Base */,
			);
			name = LaunchScreen.storyboard;
			sourceTree = "<group>";
		};
/* End PBXVariantGroup section */

/* Begin XCBuildConfiguration section */
		8444A08C233F7EE100174019 /* Debug */ = {
			isa = XCBuildConfiguration;
			buildSettings = {
				ALWAYS_SEARCH_USER_PATHS = NO;
				CLANG_ANALYZER_NONNULL = YES;
				CLANG_ANALYZER_NUMBER_OBJECT_CONVERSION = YES_AGGRESSIVE;
				CLANG_CXX_LANGUAGE_STANDARD = "gnu++14";
				CLANG_CXX_LIBRARY = "libc++";
				CLANG_ENABLE_MODULES = YES;
				CLANG_ENABLE_OBJC_ARC = YES;
				CLANG_ENABLE_OBJC_WEAK = YES;
				CLANG_WARN_BLOCK_CAPTURE_AUTORELEASING = YES;
				CLANG_WARN_BOOL_CONVERSION = YES;
				CLANG_WARN_COMMA = YES;
				CLANG_WARN_CONSTANT_CONVERSION = YES;
				CLANG_WARN_DEPRECATED_OBJC_IMPLEMENTATIONS = YES;
				CLANG_WARN_DIRECT_OBJC_ISA_USAGE = YES_ERROR;
				CLANG_WARN_DOCUMENTATION_COMMENTS = YES;
				CLANG_WARN_EMPTY_BODY = YES;
				CLANG_WARN_ENUM_CONVERSION = YES;
				CLANG_WARN_INFINITE_RECURSION = YES;
				CLANG_WARN_INT_CONVERSION = YES;
				CLANG_WARN_NON_LITERAL_NULL_CONVERSION = YES;
				CLANG_WARN_OBJC_IMPLICIT_RETAIN_SELF = YES;
				CLANG_WARN_OBJC_LITERAL_CONVERSION = YES;
				CLANG_WARN_OBJC_ROOT_CLASS = YES_ERROR;
				CLANG_WARN_RANGE_LOOP_ANALYSIS = YES;
				CLANG_WARN_STRICT_PROTOTYPES = YES;
				CLANG_WARN_SUSPICIOUS_MOVE = YES;
				CLANG_WARN_UNGUARDED_AVAILABILITY = YES_AGGRESSIVE;
				CLANG_WARN_UNREACHABLE_CODE = YES;
				CLANG_WARN__DUPLICATE_METHOD_MATCH = YES;
				COPY_PHASE_STRIP = NO;
				DEBUG_INFORMATION_FORMAT = dwarf;
				ENABLE_STRICT_OBJC_MSGSEND = YES;
				ENABLE_TESTABILITY = YES;
				GCC_C_LANGUAGE_STANDARD = gnu11;
				GCC_DYNAMIC_NO_PIC = NO;
				GCC_NO_COMMON_BLOCKS = YES;
				GCC_OPTIMIZATION_LEVEL = 0;
				GCC_PREPROCESSOR_DEFINITIONS = (
					"DEBUG=1",
					"$(inherited)",
				);
				GCC_WARN_64_TO_32_BIT_CONVERSION = YES;
				GCC_WARN_ABOUT_RETURN_TYPE = YES_ERROR;
				GCC_WARN_UNDECLARED_SELECTOR = YES;
				GCC_WARN_UNINITIALIZED_AUTOS = YES_AGGRESSIVE;
				GCC_WARN_UNUSED_FUNCTION = YES;
				GCC_WARN_UNUSED_VARIABLE = YES;
				IPHONEOS_DEPLOYMENT_TARGET = 13.0;
				MTL_ENABLE_DEBUG_INFO = INCLUDE_SOURCE;
				MTL_FAST_MATH = YES;
				ONLY_ACTIVE_ARCH = YES;
				SDKROOT = iphoneos;
				SWIFT_ACTIVE_COMPILATION_CONDITIONS = DEBUG;
				SWIFT_OPTIMIZATION_LEVEL = "-Onone";
			};
			name = Debug;
		};
		8444A08D233F7EE100174019 /* Release */ = {
			isa = XCBuildConfiguration;
			buildSettings = {
				ALWAYS_SEARCH_USER_PATHS = NO;
				CLANG_ANALYZER_NONNULL = YES;
				CLANG_ANALYZER_NUMBER_OBJECT_CONVERSION = YES_AGGRESSIVE;
				CLANG_CXX_LANGUAGE_STANDARD = "gnu++14";
				CLANG_CXX_LIBRARY = "libc++";
				CLANG_ENABLE_MODULES = YES;
				CLANG_ENABLE_OBJC_ARC = YES;
				CLANG_ENABLE_OBJC_WEAK = YES;
				CLANG_WARN_BLOCK_CAPTURE_AUTORELEASING = YES;
				CLANG_WARN_BOOL_CONVERSION = YES;
				CLANG_WARN_COMMA = YES;
				CLANG_WARN_CONSTANT_CONVERSION = YES;
				CLANG_WARN_DEPRECATED_OBJC_IMPLEMENTATIONS = YES;
				CLANG_WARN_DIRECT_OBJC_ISA_USAGE = YES_ERROR;
				CLANG_WARN_DOCUMENTATION_COMMENTS = YES;
				CLANG_WARN_EMPTY_BODY = YES;
				CLANG_WARN_ENUM_CONVERSION = YES;
				CLANG_WARN_INFINITE_RECURSION = YES;
				CLANG_WARN_INT_CONVERSION = YES;
				CLANG_WARN_NON_LITERAL_NULL_CONVERSION = YES;
				CLANG_WARN_OBJC_IMPLICIT_RETAIN_SELF = YES;
				CLANG_WARN_OBJC_LITERAL_CONVERSION = YES;
				CLANG_WARN_OBJC_ROOT_CLASS = YES_ERROR;
				CLANG_WARN_RANGE_LOOP_ANALYSIS = YES;
				CLANG_WARN_STRICT_PROTOTYPES = YES;
				CLANG_WARN_SUSPICIOUS_MOVE = YES;
				CLANG_WARN_UNGUARDED_AVAILABILITY = YES_AGGRESSIVE;
				CLANG_WARN_UNREACHABLE_CODE = YES;
				CLANG_WARN__DUPLICATE_METHOD_MATCH = YES;
				COPY_PHASE_STRIP = NO;
				DEBUG_INFORMATION_FORMAT = "dwarf-with-dsym";
				ENABLE_NS_ASSERTIONS = NO;
				ENABLE_STRICT_OBJC_MSGSEND = YES;
				GCC_C_LANGUAGE_STANDARD = gnu11;
				GCC_NO_COMMON_BLOCKS = YES;
				GCC_WARN_64_TO_32_BIT_CONVERSION = YES;
				GCC_WARN_ABOUT_RETURN_TYPE = YES_ERROR;
				GCC_WARN_UNDECLARED_SELECTOR = YES;
				GCC_WARN_UNINITIALIZED_AUTOS = YES_AGGRESSIVE;
				GCC_WARN_UNUSED_FUNCTION = YES;
				GCC_WARN_UNUSED_VARIABLE = YES;
				IPHONEOS_DEPLOYMENT_TARGET = 13.0;
				MTL_ENABLE_DEBUG_INFO = NO;
				MTL_FAST_MATH = YES;
				SDKROOT = iphoneos;
				SWIFT_COMPILATION_MODE = wholemodule;
				SWIFT_OPTIMIZATION_LEVEL = "-O";
				VALIDATE_PRODUCT = YES;
			};
			name = Release;
		};
		8444A08F233F7EE100174019 /* Debug */ = {
			isa = XCBuildConfiguration;
			buildSettings = {
				ASSETCATALOG_COMPILER_APPICON_NAME = AppIcon;
				CODE_SIGN_STYLE = Automatic;
				DEVELOPMENT_TEAM = MZKL96N2NF;
				INFOPLIST_FILE = "Hunting Numbers AR/Info.plist";
				LD_RUNPATH_SEARCH_PATHS = (
					"$(inherited)",
					"@executable_path/Frameworks",
				);
				PRODUCT_BUNDLE_IDENTIFIER = "com.pablomillanlopez.juegos.Hunting-Numbers-AR";
				PRODUCT_NAME = "$(TARGET_NAME)";
				SWIFT_VERSION = 5.0;
				TARGETED_DEVICE_FAMILY = "1,2";
			};
			name = Debug;
		};
		8444A090233F7EE100174019 /* Release */ = {
			isa = XCBuildConfiguration;
			buildSettings = {
				ASSETCATALOG_COMPILER_APPICON_NAME = AppIcon;
				CODE_SIGN_STYLE = Automatic;
				DEVELOPMENT_TEAM = MZKL96N2NF;
				INFOPLIST_FILE = "Hunting Numbers AR/Info.plist";
				LD_RUNPATH_SEARCH_PATHS = (
					"$(inherited)",
					"@executable_path/Frameworks",
				);
				PRODUCT_BUNDLE_IDENTIFIER = "com.pablomillanlopez.juegos.Hunting-Numbers-AR";
				PRODUCT_NAME = "$(TARGET_NAME)";
				SWIFT_VERSION = 5.0;
				TARGETED_DEVICE_FAMILY = "1,2";
			};
			name = Release;
		};
/* End XCBuildConfiguration section */

/* Begin XCConfigurationList section */
		8444A073233F7EDC00174019 /* Build configuration list for PBXProject "Hunting Numbers AR" */ = {
			isa = XCConfigurationList;
			buildConfigurations = (
				8444A08C233F7EE100174019 /* Debug */,
				8444A08D233F7EE100174019 /* Release */,
			);
			defaultConfigurationIsVisible = 0;
			defaultConfigurationName = Release;
		};
		8444A08E233F7EE100174019 /* Build configuration list for PBXNativeTarget "Hunting Numbers AR" */ = {
			isa = XCConfigurationList;
			buildConfigurations = (
				8444A08F233F7EE100174019 /* Debug */,
				8444A090233F7EE100174019 /* Release */,
			);
			defaultConfigurationIsVisible = 0;
			defaultConfigurationName = Release;
		};
/* End XCConfigurationList section */
	};
	rootObject = 8444A070233F7EDC00174019 /* Project object */;
}
